PODS:
  - AFNetworking (2.7.0):
    - AFNetworking/NSURLConnection (= 2.7.0)
    - AFNetworking/NSURLSession (= 2.7.0)
    - AFNetworking/Reachability (= 2.7.0)
    - AFNetworking/Security (= 2.7.0)
    - AFNetworking/Serialization (= 2.7.0)
    - AFNetworking/UIKit (= 2.7.0)
  - AFNetworking/NSURLConnection (2.7.0):
    - AFNetworking/Reachability
    - AFNetworking/Security
    - AFNetworking/Serialization
  - AFNetworking/NSURLSession (2.7.0):
    - AFNetworking/Reachability
    - AFNetworking/Security
    - AFNetworking/Serialization
  - AFNetworking/Reachability (2.7.0)
  - AFNetworking/Security (2.7.0)
  - AFNetworking/Serialization (2.7.0)
  - AFNetworking/UIKit (2.7.0):
    - AFNetworking/NSURLConnection
    - AFNetworking/NSURLSession
  - SFCommonKit (0.1.1):
    - AFNetworking (~> 2.3)
  - SFUserModule (0.1.5):
    - AFNetworking (~> 2.3)
    - SFCommonKit

DEPENDENCIES:
  - SFCommonKit
  - SFUserModule

SPEC REPOS:
  https://github.com/CocoaPods/Specs.git:
    - AFNetworking
  https://github.com/samstring/SFRepoCenter.git:
    - SFCommonKit
    - SFUserModule

SPEC CHECKSUMS:
  AFNetworking: 8dd5f9b9691e09186393069a12cc3b5ed7c8b511
  SFCommonKit: b4a122a1a0064998e1f8c91e3a05aed3f9bd3a00
  SFUserModule: 07b40b7355c43595141378cf8231c03ee6be240f

PODFILE CHECKSUM: 2236e4b6edd71e677dcd51a76826291b457201d8

COCOAPODS: 1.8.4
